
Microsoft Visual Studio Solution File, Format Version 12.00
# Visual Studio Version 17
VisualStudioVersion = 17.10.35122.118
MinimumVisualStudioVersion = 10.0.40219.1
Project("{FAE04EC0-301F-11D3-BF4B-00C04F79EFBC}") = "FamilySprout", "FamilySprout.csproj", "{ECAA6451-CF79-4A86-ABF6-3BB2B68B25AA}"
EndProject
Global
	GlobalSection(SolutionConfigurationPlatforms) = preSolution
		Debug|Any CPU = Debug|Any CPU
		Release|Any CPU = Release|Any CPU
		v0.3|Any CPU = v0.3|Any CPU
		v0.4|Any CPU = v0.4|Any CPU
	EndGlobalSection
	GlobalSection(ProjectConfigurationPlatforms) = postSolution
		{ECAA6451-CF79-4A86-ABF6-3BB2B68B25AA}.Debug|Any CPU.ActiveCfg = Debug|Any CPU
		{ECAA6451-CF79-4A86-ABF6-3BB2B68B25AA}.Debug|Any CPU.Build.0 = Debug|Any CPU
		{ECAA6451-CF79-4A86-ABF6-3BB2B68B25AA}.Release|Any CPU.ActiveCfg = Release|Any CPU
		{ECAA6451-CF79-4A86-ABF6-3BB2B68B25AA}.Release|Any CPU.Build.0 = Release|Any CPU
		{ECAA6451-CF79-4A86-ABF6-3BB2B68B25AA}.v0.3|Any CPU.ActiveCfg = v0.3|Any CPU
		{ECAA6451-CF79-4A86-ABF6-3BB2B68B25AA}.v0.3|Any CPU.Build.0 = v0.3|Any CPU
		{ECAA6451-CF79-4A86-ABF6-3BB2B68B25AA}.v0.4|Any CPU.ActiveCfg = v0.4|Any CPU
		{ECAA6451-CF79-4A86-ABF6-3BB2B68B25AA}.v0.4|Any CPU.Build.0 = v0.4|Any CPU
	EndGlobalSection
	GlobalSection(SolutionProperties) = preSolution
		HideSolutionNode = FALSE
	EndGlobalSection
	GlobalSection(ExtensibilityGlobals) = postSolution
		SolutionGuid = {F5FD9BF9-0E1C-4485-B88C-52C5E7942570}
	EndGlobalSection
EndGlobal
